
Microsoft Visual Studio Solution File, Format Version 12.00
# Visual Studio 15
VisualStudioVersion = 15.0.27703.2000
MinimumVisualStudioVersion = 10.0.40219.1
Project("{FAE04EC0-301F-11D3-BF4B-00C04F79EFBC}") = "PlayApp", "PlayApp\PlayApp.csproj", "{2C2F1D05-D004-4696-97E8-955A686B01FE}"
EndProject
Global
	GlobalSection(SolutionConfigurationPlatforms) = preSolution
		Debug|Any CPU = Debug|Any CPU
		Release|Any CPU = Release|Any CPU
	EndGlobalSection
	GlobalSection(ProjectConfigurationPlatforms) = postSolution
		{2C2F1D05-D004-4696-97E8-955A686B01FE}.Debug|Any CPU.ActiveCfg = Debug|Any CPU
		{2C2F1D05-D004-4696-97E8-955A686B01FE}.Debug|Any CPU.Build.0 = Debug|Any CPU
		{2C2F1D05-D004-4696-97E8-955A686B01FE}.Release|Any CPU.ActiveCfg = Release|Any CPU
		{2C2F1D05-D004-4696-97E8-955A686B01FE}.Release|Any CPU.Build.0 = Release|Any CPU
	EndGlobalSection
	GlobalSection(SolutionProperties) = preSolution
		HideSolutionNode = FALSE
	EndGlobalSection
	GlobalSection(ExtensibilityGlobals) = postSolution
		SolutionGuid = {1466CF3F-0882-4ED4-B466-CFE5282F03CD}
	EndGlobalSection
EndGlobal
